
Microsoft Visual Studio Solution File, Format Version 12.00
# Visual Studio Version 17
VisualStudioVersion = 17.1.32421.90
MinimumVisualStudioVersion = 10.0.40219.1
Project("{FAE04EC0-301F-11D3-BF4B-00C04F79EFBC}") = "Section 02 - Builder", "Section 02 - Builder\Section 02 - Builder.csproj", "{9F9CD7D5-A7A1-4196-BC70-FB503932A2A8}"
EndProject
Project("{FAE04EC0-301F-11D3-BF4B-00C04F79EFBC}") = "Section 03 - Factories", "Section 03 - Factories\Section 03 - Factories.csproj", "{EF5A89FC-AC20-44F5-AC10-4654919CB7D0}"
EndProject
Project("{FAE04EC0-301F-11D3-BF4B-00C04F79EFBC}") = "Section 04 - Prototype", "Section 04 - Prototype\Section 04 - Prototype.csproj", "{1F3DD8E1-63A6-4D2E-8FE6-41CBF198EC59}"
EndProject
Project("{FAE04EC0-301F-11D3-BF4B-00C04F79EFBC}") = "Section 05 - Singleton", "Section 05 - Singleton\Section 05 - Singleton.csproj", "{4EC83CFB-46E6-479D-82CD-B2DC2039B6C8}"
EndProject
Project("{FAE04EC0-301F-11D3-BF4B-00C04F79EFBC}") = "Section 06 - Adapter", "Section 06 - Adapter\Section 06 - Adapter.csproj", "{3A9538F1-2B1A-4F3E-B613-673BCA099D76}"
EndProject
Project("{FAE04EC0-301F-11D3-BF4B-00C04F79EFBC}") = "Section 07 - Bridge", "Section 07 - Bridge\Section 07 - Bridge.csproj", "{961FC37C-E6E0-4EDA-90FE-712672AE68BF}"
EndProject
Project("{FAE04EC0-301F-11D3-BF4B-00C04F79EFBC}") = "Section 08 - Composite", "Section 08 - Composite\Section 08 - Composite.csproj", "{BF2615A6-4E64-4951-A9A2-F957E727195F}"
EndProject
Project("{FAE04EC0-301F-11D3-BF4B-00C04F79EFBC}") = "Section 09 - Decorator", "Section 09 - Decorator\Section 09 - Decorator.csproj", "{EBE7E979-999F-416F-B7D9-E3858754D1EB}"
EndProject
Project("{FAE04EC0-301F-11D3-BF4B-00C04F79EFBC}") = "Section 10 - Facade", "Section 10 - Facade\Section 10 - Facade.csproj", "{7B3B16B9-698B-41FB-80D1-7869D99039F5}"
EndProject
Project("{FAE04EC0-301F-11D3-BF4B-00C04F79EFBC}") = "Section 11 - Flyweight", "Section 11 - Flyweight\Section 11 - Flyweight.csproj", "{82FBD529-927B-425A-B7BF-FF72091E2E51}"
EndProject
Project("{FAE04EC0-301F-11D3-BF4B-00C04F79EFBC}") = "Section 12 - Proxy", "Section 12 - Proxy\Section 12 - Proxy.csproj", "{7299D558-B1F7-4021-9946-4C84B79DBEF3}"
EndProject
Project("{FAE04EC0-301F-11D3-BF4B-00C04F79EFBC}") = "Section 13 - Chain of Responsibility", "Section 13 - Chain of Responsibility\Section 13 - Chain of Responsibility.csproj", "{F7AC7A57-F6C0-4760-BF13-40D58698CD63}"
EndProject
Project("{FAE04EC0-301F-11D3-BF4B-00C04F79EFBC}") = "Section 14 - Command", "Section 14 - Command\Section 14 - Command.csproj", "{17D5241C-296B-46FE-B88E-7CE6DD50E952}"
EndProject
Project("{FAE04EC0-301F-11D3-BF4B-00C04F79EFBC}") = "Section 15 - Interpreter", "Section 15 - Interpreter\Section 15 - Interpreter.csproj", "{17BFCA6E-51DF-45B3-9849-9628558523A1}"
EndProject
Project("{FAE04EC0-301F-11D3-BF4B-00C04F79EFBC}") = "Section 16 - Iterator", "Section 16 - Iterator\Section 16 - Iterator.csproj", "{B4BD65C8-9CAA-4851-9A55-1E16471C6003}"
EndProject
Project("{FAE04EC0-301F-11D3-BF4B-00C04F79EFBC}") = "Section 17 - Mediator", "Section 17 - Mediator\Section 17 - Mediator.csproj", "{12A9F7F5-EA6D-4812-A285-342CCCB027CE}"
EndProject
Project("{FAE04EC0-301F-11D3-BF4B-00C04F79EFBC}") = "Section 18 - Memento", "Section 18 - Memento\Section 18 - Memento.csproj", "{9D39FB0D-C7C4-4AD1-9024-6BD0055AFD7F}"
EndProject
Project("{FAE04EC0-301F-11D3-BF4B-00C04F79EFBC}") = "Section 19 - Null Object", "Section 19 - Null Object\Section 19 - Null Object.csproj", "{996F3431-C63D-4B07-86AE-548B2AD79276}"
EndProject
Project("{FAE04EC0-301F-11D3-BF4B-00C04F79EFBC}") = "Section 20 - Observer", "Section 20 - Observer\Section 20 - Observer.csproj", "{9D612163-739D-4CA6-99FE-19249CEFA304}"
EndProject
Project("{FAE04EC0-301F-11D3-BF4B-00C04F79EFBC}") = "Section 21 - State", "Section 21 - State\Section 21 - State.csproj", "{8B373161-516C-42E0-BD62-6B3480DB1912}"
EndProject
Global
	GlobalSection(SolutionConfigurationPlatforms) = preSolution
		Debug|Any CPU = Debug|Any CPU
		Release|Any CPU = Release|Any CPU
	EndGlobalSection
	GlobalSection(ProjectConfigurationPlatforms) = postSolution
		{9F9CD7D5-A7A1-4196-BC70-FB503932A2A8}.Debug|Any CPU.ActiveCfg = Debug|Any CPU
		{9F9CD7D5-A7A1-4196-BC70-FB503932A2A8}.Debug|Any CPU.Build.0 = Debug|Any CPU
		{9F9CD7D5-A7A1-4196-BC70-FB503932A2A8}.Release|Any CPU.ActiveCfg = Release|Any CPU
		{9F9CD7D5-A7A1-4196-BC70-FB503932A2A8}.Release|Any CPU.Build.0 = Release|Any CPU
		{EF5A89FC-AC20-44F5-AC10-4654919CB7D0}.Debug|Any CPU.ActiveCfg = Debug|Any CPU
		{EF5A89FC-AC20-44F5-AC10-4654919CB7D0}.Debug|Any CPU.Build.0 = Debug|Any CPU
		{EF5A89FC-AC20-44F5-AC10-4654919CB7D0}.Release|Any CPU.ActiveCfg = Release|Any CPU
		{EF5A89FC-AC20-44F5-AC10-4654919CB7D0}.Release|Any CPU.Build.0 = Release|Any CPU
		{1F3DD8E1-63A6-4D2E-8FE6-41CBF198EC59}.Debug|Any CPU.ActiveCfg = Debug|Any CPU
		{1F3DD8E1-63A6-4D2E-8FE6-41CBF198EC59}.Debug|Any CPU.Build.0 = Debug|Any CPU
		{1F3DD8E1-63A6-4D2E-8FE6-41CBF198EC59}.Release|Any CPU.ActiveCfg = Release|Any CPU
		{1F3DD8E1-63A6-4D2E-8FE6-41CBF198EC59}.Release|Any CPU.Build.0 = Release|Any CPU
		{4EC83CFB-46E6-479D-82CD-B2DC2039B6C8}.Debug|Any CPU.ActiveCfg = Debug|Any CPU
		{4EC83CFB-46E6-479D-82CD-B2DC2039B6C8}.Debug|Any CPU.Build.0 = Debug|Any CPU
		{4EC83CFB-46E6-479D-82CD-B2DC2039B6C8}.Release|Any CPU.ActiveCfg = Release|Any CPU
		{4EC83CFB-46E6-479D-82CD-B2DC2039B6C8}.Release|Any CPU.Build.0 = Release|Any CPU
		{3A9538F1-2B1A-4F3E-B613-673BCA099D76}.Debug|Any CPU.ActiveCfg = Debug|Any CPU
		{3A9538F1-2B1A-4F3E-B613-673BCA099D76}.Debug|Any CPU.Build.0 = Debug|Any CPU
		{3A9538F1-2B1A-4F3E-B613-673BCA099D76}.Release|Any CPU.ActiveCfg = Release|Any CPU
		{3A9538F1-2B1A-4F3E-B613-673BCA099D76}.Release|Any CPU.Build.0 = Release|Any CPU
		{961FC37C-E6E0-4EDA-90FE-712672AE68BF}.Debug|Any CPU.ActiveCfg = Debug|Any CPU
		{961FC37C-E6E0-4EDA-90FE-712672AE68BF}.Debug|Any CPU.Build.0 = Debug|Any CPU
		{961FC37C-E6E0-4EDA-90FE-712672AE68BF}.Release|Any CPU.ActiveCfg = Release|Any CPU
		{961FC37C-E6E0-4EDA-90FE-712672AE68BF}.Release|Any CPU.Build.0 = Release|Any CPU
		{BF2615A6-4E64-4951-A9A2-F957E727195F}.Debug|Any CPU.ActiveCfg = Debug|Any CPU
		{BF2615A6-4E64-4951-A9A2-F957E727195F}.Debug|Any CPU.Build.0 = Debug|Any CPU
		{BF2615A6-4E64-4951-A9A2-F957E727195F}.Release|Any CPU.ActiveCfg = Release|Any CPU
		{BF2615A6-4E64-4951-A9A2-F957E727195F}.Release|Any CPU.Build.0 = Release|Any CPU
		{EBE7E979-999F-416F-B7D9-E3858754D1EB}.Debug|Any CPU.ActiveCfg = Debug|Any CPU
		{EBE7E979-999F-416F-B7D9-E3858754D1EB}.Debug|Any CPU.Build.0 = Debug|Any CPU
		{EBE7E979-999F-416F-B7D9-E3858754D1EB}.Release|Any CPU.ActiveCfg = Release|Any CPU
		{EBE7E979-999F-416F-B7D9-E3858754D1EB}.Release|Any CPU.Build.0 = Release|Any CPU
		{7B3B16B9-698B-41FB-80D1-7869D99039F5}.Debug|Any CPU.ActiveCfg = Debug|Any CPU
		{7B3B16B9-698B-41FB-80D1-7869D99039F5}.Debug|Any CPU.Build.0 = Debug|Any CPU
		{7B3B16B9-698B-41FB-80D1-7869D99039F5}.Release|Any CPU.ActiveCfg = Release|Any CPU
		{7B3B16B9-698B-41FB-80D1-7869D99039F5}.Release|Any CPU.Build.0 = Release|Any CPU
		{82FBD529-927B-425A-B7BF-FF72091E2E51}.Debug|Any CPU.ActiveCfg = Debug|Any CPU
		{82FBD529-927B-425A-B7BF-FF72091E2E51}.Debug|Any CPU.Build.0 = Debug|Any CPU
		{82FBD529-927B-425A-B7BF-FF72091E2E51}.Release|Any CPU.ActiveCfg = Release|Any CPU
		{82FBD529-927B-425A-B7BF-FF72091E2E51}.Release|Any CPU.Build.0 = Release|Any CPU
		{7299D558-B1F7-4021-9946-4C84B79DBEF3}.Debug|Any CPU.ActiveCfg = Debug|Any CPU
		{7299D558-B1F7-4021-9946-4C84B79DBEF3}.Debug|Any CPU.Build.0 = Debug|Any CPU
		{7299D558-B1F7-4021-9946-4C84B79DBEF3}.Release|Any CPU.ActiveCfg = Release|Any CPU
		{7299D558-B1F7-4021-9946-4C84B79DBEF3}.Release|Any CPU.Build.0 = Release|Any CPU
		{F7AC7A57-F6C0-4760-BF13-40D58698CD63}.Debug|Any CPU.ActiveCfg = Debug|Any CPU
		{F7AC7A57-F6C0-4760-BF13-40D58698CD63}.Debug|Any CPU.Build.0 = Debug|Any CPU
		{F7AC7A57-F6C0-4760-BF13-40D58698CD63}.Release|Any CPU.ActiveCfg = Release|Any CPU
		{F7AC7A57-F6C0-4760-BF13-40D58698CD63}.Release|Any CPU.Build.0 = Release|Any CPU
		{17D5241C-296B-46FE-B88E-7CE6DD50E952}.Debug|Any CPU.ActiveCfg = Debug|Any CPU
		{17D5241C-296B-46FE-B88E-7CE6DD50E952}.Debug|Any CPU.Build.0 = Debug|Any CPU
		{17D5241C-296B-46FE-B88E-7CE6DD50E952}.Release|Any CPU.ActiveCfg = Release|Any CPU
		{17D5241C-296B-46FE-B88E-7CE6DD50E952}.Release|Any CPU.Build.0 = Release|Any CPU
		{17BFCA6E-51DF-45B3-9849-9628558523A1}.Debug|Any CPU.ActiveCfg = Debug|Any CPU
		{17BFCA6E-51DF-45B3-9849-9628558523A1}.Debug|Any CPU.Build.0 = Debug|Any CPU
		{17BFCA6E-51DF-45B3-9849-9628558523A1}.Release|Any CPU.ActiveCfg = Release|Any CPU
		{17BFCA6E-51DF-45B3-9849-9628558523A1}.Release|Any CPU.Build.0 = Release|Any CPU
		{B4BD65C8-9CAA-4851-9A55-1E16471C6003}.Debug|Any CPU.ActiveCfg = Debug|Any CPU
		{B4BD65C8-9CAA-4851-9A55-1E16471C6003}.Debug|Any CPU.Build.0 = Debug|Any CPU
		{B4BD65C8-9CAA-4851-9A55-1E16471C6003}.Release|Any CPU.ActiveCfg = Release|Any CPU
		{B4BD65C8-9CAA-4851-9A55-1E16471C6003}.Release|Any CPU.Build.0 = Release|Any CPU
		{12A9F7F5-EA6D-4812-A285-342CCCB027CE}.Debug|Any CPU.ActiveCfg = Debug|Any CPU
		{12A9F7F5-EA6D-4812-A285-342CCCB027CE}.Debug|Any CPU.Build.0 = Debug|Any CPU
		{12A9F7F5-EA6D-4812-A285-342CCCB027CE}.Release|Any CPU.ActiveCfg = Release|Any CPU
		{12A9F7F5-EA6D-4812-A285-342CCCB027CE}.Release|Any CPU.Build.0 = Release|Any CPU
		{9D39FB0D-C7C4-4AD1-9024-6BD0055AFD7F}.Debug|Any CPU.ActiveCfg = Debug|Any CPU
		{9D39FB0D-C7C4-4AD1-9024-6BD0055AFD7F}.Debug|Any CPU.Build.0 = Debug|Any CPU
		{9D39FB0D-C7C4-4AD1-9024-6BD0055AFD7F}.Release|Any CPU.ActiveCfg = Release|Any CPU
		{9D39FB0D-C7C4-4AD1-9024-6BD0055AFD7F}.Release|Any CPU.Build.0 = Release|Any CPU
		{996F3431-C63D-4B07-86AE-548B2AD79276}.Debug|Any CPU.ActiveCfg = Debug|Any CPU
		{996F3431-C63D-4B07-86AE-548B2AD79276}.Debug|Any CPU.Build.0 = Debug|Any CPU
		{996F3431-C63D-4B07-86AE-548B2AD79276}.Release|Any CPU.ActiveCfg = Release|Any CPU
		{996F3431-C63D-4B07-86AE-548B2AD79276}.Release|Any CPU.Build.0 = Release|Any CPU
		{9D612163-739D-4CA6-99FE-19249CEFA304}.Debug|Any CPU.ActiveCfg = Debug|Any CPU
		{9D612163-739D-4CA6-99FE-19249CEFA304}.Debug|Any CPU.Build.0 = Debug|Any CPU
		{9D612163-739D-4CA6-99FE-19249CEFA304}.Release|Any CPU.ActiveCfg = Release|Any CPU
		{9D612163-739D-4CA6-99FE-19249CEFA304}.Release|Any CPU.Build.0 = Release|Any CPU
		{8B373161-516C-42E0-BD62-6B3480DB1912}.Debug|Any CPU.ActiveCfg = Debug|Any CPU
		{8B373161-516C-42E0-BD62-6B3480DB1912}.Debug|Any CPU.Build.0 = Debug|Any CPU
		{8B373161-516C-42E0-BD62-6B3480DB1912}.Release|Any CPU.ActiveCfg = Release|Any CPU
		{8B373161-516C-42E0-BD62-6B3480DB1912}.Release|Any CPU.Build.0 = Release|Any CPU
	EndGlobalSection
	GlobalSection(SolutionProperties) = preSolution
		HideSolutionNode = FALSE
	EndGlobalSection
	GlobalSection(ExtensibilityGlobals) = postSolution
		SolutionGuid = {D2BBB29A-5049-4CEF-A164-375042DFD51D}
	EndGlobalSection
EndGlobal
